
Microsoft Visual Studio Solution File, Format Version 12.00
# Visual Studio Version 16
VisualStudioVersion = 16.0.29020.237
MinimumVisualStudioVersion = 10.0.40219.1
Project("{FAE04EC0-301F-11D3-BF4B-00C04F79EFBC}") = "Figuras2", "Figuras2\Figuras2.csproj", "{91A01D3C-5D12-4321-AEB5-590A77768F20}"
EndProject
Global
	GlobalSection(SolutionConfigurationPlatforms) = preSolution
		Debug|Any CPU = Debug|Any CPU
		Release|Any CPU = Release|Any CPU
	EndGlobalSection
	GlobalSection(ProjectConfigurationPlatforms) = postSolution
		{91A01D3C-5D12-4321-AEB5-590A77768F20}.Debug|Any CPU.ActiveCfg = Debug|Any CPU
		{91A01D3C-5D12-4321-AEB5-590A77768F20}.Debug|Any CPU.Build.0 = Debug|Any CPU
		{91A01D3C-5D12-4321-AEB5-590A77768F20}.Release|Any CPU.ActiveCfg = Release|Any CPU
		{91A01D3C-5D12-4321-AEB5-590A77768F20}.Release|Any CPU.Build.0 = Release|Any CPU
	EndGlobalSection
	GlobalSection(SolutionProperties) = preSolution
		HideSolutionNode = FALSE
	EndGlobalSection
	GlobalSection(ExtensibilityGlobals) = postSolution
		SolutionGuid = {F066B120-ED6F-4423-BDD0-17D5DC46F738}
	EndGlobalSection
EndGlobal
