
Microsoft Visual Studio Solution File, Format Version 12.00
# Visual Studio Version 16
VisualStudioVersion = 16.0.29020.237
MinimumVisualStudioVersion = 10.0.40219.1
Project("{FAE04EC0-301F-11D3-BF4B-00C04F79EFBC}") = "Animals", "Animals\Animals.csproj", "{783BB575-6DF5-460F-A24F-547541633AD9}"
EndProject
Global
	GlobalSection(SolutionConfigurationPlatforms) = preSolution
		Debug|Any CPU = Debug|Any CPU
		Release|Any CPU = Release|Any CPU
	EndGlobalSection
	GlobalSection(ProjectConfigurationPlatforms) = postSolution
		{783BB575-6DF5-460F-A24F-547541633AD9}.Debug|Any CPU.ActiveCfg = Debug|Any CPU
		{783BB575-6DF5-460F-A24F-547541633AD9}.Debug|Any CPU.Build.0 = Debug|Any CPU
		{783BB575-6DF5-460F-A24F-547541633AD9}.Release|Any CPU.ActiveCfg = Release|Any CPU
		{783BB575-6DF5-460F-A24F-547541633AD9}.Release|Any CPU.Build.0 = Release|Any CPU
	EndGlobalSection
	GlobalSection(SolutionProperties) = preSolution
		HideSolutionNode = FALSE
	EndGlobalSection
	GlobalSection(ExtensibilityGlobals) = postSolution
		SolutionGuid = {0C38936E-2A9D-4669-95BC-88A5B6DA3965}
	EndGlobalSection
EndGlobal
